// !$*UTF8*$!
{
	archiveVersion = 1;
	classes = {
	};
	objectVersion = 46;
	objects = {

/* Begin PBXBuildFile section */
		A903039F1BA3069E00E77BF7 /* AppDelegate.swift in Sources */ = {isa = PBXBuildFile; fileRef = A903039E1BA3069E00E77BF7 /* AppDelegate.swift */; };
		A90303A11BA3069E00E77BF7 /* ViewController.swift in Sources */ = {isa = PBXBuildFile; fileRef = A90303A01BA3069E00E77BF7 /* ViewController.swift */; };
		A90303A41BA3069E00E77BF7 /* Main.storyboard in Resources */ = {isa = PBXBuildFile; fileRef = A90303A21BA3069E00E77BF7 /* Main.storyboard */; };
		A90303A61BA3069E00E77BF7 /* Assets.xcassets in Resources */ = {isa = PBXBuildFile; fileRef = A90303A51BA3069E00E77BF7 /* Assets.xcassets */; };
		A90303A91BA3069E00E77BF7 /* LaunchScreen.storyboard in Resources */ = {isa = PBXBuildFile; fileRef = A90303A71BA3069E00E77BF7 /* LaunchScreen.storyboard */; };
		A90303B11BA306BA00E77BF7 /* Model.swift in Sources */ = {isa = PBXBuildFile; fileRef = A90303B01BA306BA00E77BF7 /* Model.swift */; settings = {ASSET_TAGS = (); }; };
/* End PBXBuildFile section */

/* Begin PBXFileReference section */
		A903039B1BA3069E00E77BF7 /* Archives.app */ = {isa = PBXFileReference; explicitFileType = wrapper.application; includeInIndex = 0; path = Archives.app; sourceTree = BUILT_PRODUCTS_DIR; };
		A903039E1BA3069E00E77BF7 /* AppDelegate.swift */ = {isa = PBXFileReference; lastKnownFileType = sourcecode.swift; path = AppDelegate.swift; sourceTree = "<group>"; };
		A90303A01BA3069E00E77BF7 /* ViewController.swift */ = {isa = PBXFileReference; lastKnownFileType = sourcecode.swift; path = ViewController.swift; sourceTree = "<group>"; };
		A90303A31BA3069E00E77BF7 /* Base */ = {isa = PBXFileReference; lastKnownFileType = file.storyboard; name = Base; path = Base.lproj/Main.storyboard; sourceTree = "<group>"; };
		A90303A51BA3069E00E77BF7 /* Assets.xcassets */ = {isa = PBXFileReference; lastKnownFileType = folder.assetcatalog; path = Assets.xcassets; sourceTree = "<group>"; };
		A90303A81BA3069E00E77BF7 /* Base */ = {isa = PBXFileReference; lastKnownFileType = file.storyboard; name = Base; path = Base.lproj/LaunchScreen.storyboard; sourceTree = "<group>"; };
		A90303AA1BA3069E00E77BF7 /* Info.plist */ = {isa = PBXFileReference; lastKnownFileType = text.plist.xml; path = Info.plist; sourceTree = "<group>"; };
		A90303B01BA306BA00E77BF7 /* Model.swift */ = {isa = PBXFileReference; fileEncoding = 4; lastKnownFileType = sourcecode.swift; path = Model.swift; sourceTree = "<group>"; };
/* End PBXFileReference section */

/* Begin PBXFrameworksBuildPhase section */
		A90303981BA3069E00E77BF7 /* Frameworks */ = {
			isa = PBXFrameworksBuildPhase;
			buildActionMask = 2147483647;
			files = (
			);
			runOnlyForDeploymentPostprocessing = 0;
		};
/* End PBXFrameworksBuildPhase section */

/* Begin PBXGroup section */
		A90303921BA3069E00E77BF7 = {
			isa = PBXGroup;
			children = (
				A903039D1BA3069E00E77BF7 /* Archives */,
				A903039C1BA3069E00E77BF7 /* Products */,
			);
			sourceTree = "<group>";
		};
		A903039C1BA3069E00E77BF7 /* Products */ = {
			isa = PBXGroup;
			children = (
				A903039B1BA3069E00E77BF7 /* Archives.app */,
			);
			name = Products;
			sourceTree = "<group>";
		};
		A903039D1BA3069E00E77BF7 /* Archives */ = {
			isa = PBXGroup;
			children = (
				A903039E1BA3069E00E77BF7 /* AppDelegate.swift */,
				A90303A01BA3069E00E77BF7 /* ViewController.swift */,
				A90303B01BA306BA00E77BF7 /* Model.swift */,
				A90303A21BA3069E00E77BF7 /* Main.storyboard */,
				A90303A51BA3069E00E77BF7 /* Assets.xcassets */,
				A90303A71BA3069E00E77BF7 /* LaunchScreen.storyboard */,
				A90303AA1BA3069E00E77BF7 /* Info.plist */,
			);
			path = Archives;
			sourceTree = "<group>";
		};
/* End PBXGroup section */

/* Begin PBXNativeTarget section */
		A903039A1BA3069E00E77BF7 /* Archives */ = {
			isa = PBXNativeTarget;
			buildConfigurationList = A90303AD1BA3069E00E77BF7 /* Build configuration list for PBXNativeTarget "Archives" */;
			buildPhases = (
				A90303971BA3069E00E77BF7 /* Sources */,
				A90303981BA3069E00E77BF7 /* Frameworks */,
				A90303991BA3069E00E77BF7 /* Resources */,
			);
			buildRules = (
			);
			dependencies = (
			);
			name = Archives;
			productName = Archives;
			productReference = A903039B1BA3069E00E77BF7 /* Archives.app */;
			productType = "com.apple.product-type.application";
		};
/* End PBXNativeTarget section */

/* Begin PBXProject section */
		A90303931BA3069E00E77BF7 /* Project object */ = {
			isa = PBXProject;
			attributes = {
				LastUpgradeCheck = 0700;
				ORGANIZATIONNAME = "Leon Baird";
				TargetAttributes = {
					A903039A1BA3069E00E77BF7 = {
						CreatedOnToolsVersion = 7.0;
					};
				};
			};
			buildConfigurationList = A90303961BA3069E00E77BF7 /* Build configuration list for PBXProject "Archives" */;
			compatibilityVersion = "Xcode 3.2";
			developmentRegion = English;
			hasScannedForEncodings = 0;
			knownRegions = (
				en,
				Base,
			);
			mainGroup = A90303921BA3069E00E77BF7;
			productRefGroup = A903039C1BA3069E00E77BF7 /* Products */;
			projectDirPath = "";
			projectRoot = "";
			targets = (
				A903039A1BA3069E00E77BF7 /* Archives */,
			);
		};
/* End PBXProject section */

/* Begin PBXResourcesBuildPhase section */
		A90303991BA3069E00E77BF7 /* Resources */ = {
			isa = PBXResourcesBuildPhase;
			buildActionMask = 2147483647;
			files = (
				A90303A91BA3069E00E77BF7 /* LaunchScreen.storyboard in Resources */,
				A90303A61BA3069E00E77BF7 /* Assets.xcassets in Resources */,
				A90303A41BA3069E00E77BF7 /* Main.storyboard in Resources */,
			);
			runOnlyForDeploymentPostprocessing = 0;
		};
/* End PBXResourcesBuildPhase section */

/* Begin PBXSourcesBuildPhase section */
		A90303971BA3069E00E77BF7 /* Sources */ = {
			isa = PBXSourcesBuildPhase;
			buildActionMask = 2147483647;
			files = (
				A90303B11BA306BA00E77BF7 /* Model.swift in Sources */,
				A90303A11BA3069E00E77BF7 /* ViewController.swift in Sources */,
				A903039F1BA3069E00E77BF7 /* AppDelegate.swift in Sources */,
			);
			runOnlyForDeploymentPostprocessing = 0;
		};
/* End PBXSourcesBuildPhase section */

/* Begin PBXVariantGroup section */
		A90303A21BA3069E00E77BF7 /* Main.storyboard */ = {
			isa = PBXVariantGroup;
			children = (
				A90303A31BA3069E00E77BF7 /* Base */,
			);
			name = Main.storyboard;
			sourceTree = "<group>";
		};
		A90303A71BA3069E00E77BF7 /* LaunchScreen.storyboard */ = {
			isa = PBXVariantGroup;
			children = (
				A90303A81BA3069E00E77BF7 /* Base */,
			);
			name = LaunchScreen.storyboard;
			sourceTree = "<group>";
		};
/* End PBXVariantGroup section */

/* Begin XCBuildConfiguration section */
		A90303AB1BA3069E00E77BF7 /* Debug */ = {
			isa = XCBuildConfiguration;
			buildSettings = {
				ALWAYS_SEARCH_USER_PATHS = NO;
				CLANG_CXX_LANGUAGE_STANDARD = "gnu++0x";
				CLANG_CXX_LIBRARY = "libc++";
				CLANG_ENABLE_MODULES = YES;
				CLANG_ENABLE_OBJC_ARC = YES;
				CLANG_WARN_BOOL_CONVERSION = YES;
				CLANG_WARN_CONSTANT_CONVERSION = YES;
				CLANG_WARN_DIRECT_OBJC_ISA_USAGE = YES_ERROR;
				CLANG_WARN_EMPTY_BODY = YES;
				CLANG_WARN_ENUM_CONVERSION = YES;
				CLANG_WARN_INT_CONVERSION = YES;
				CLANG_WARN_OBJC_ROOT_CLASS = YES_ERROR;
				CLANG_WARN_UNREACHABLE_CODE = YES;
				CLANG_WARN__DUPLICATE_METHOD_MATCH = YES;
				"CODE_SIGN_IDENTITY[sdk=iphoneos*]" = "iPhone Developer";
				COPY_PHASE_STRIP = NO;
				DEBUG_INFORMATION_FORMAT = dwarf;
				ENABLE_STRICT_OBJC_MSGSEND = YES;
				ENABLE_TESTABILITY = YES;
				GCC_C_LANGUAGE_STANDARD = gnu99;
				GCC_DYNAMIC_NO_PIC = NO;
				GCC_NO_COMMON_BLOCKS = YES;
				GCC_OPTIMIZATION_LEVEL = 0;
				GCC_PREPROCESSOR_DEFINITIONS = (
					"DEBUG=1",
					"$(inherited)",
				);
				GCC_WARN_64_TO_32_BIT_CONVERSION = YES;
				GCC_WARN_ABOUT_RETURN_TYPE = YES_ERROR;
				GCC_WARN_UNDECLARED_SELECTOR = YES;
				GCC_WARN_UNINITIALIZED_AUTOS = YES_AGGRESSIVE;
				GCC_WARN_UNUSED_FUNCTION = YES;
				GCC_WARN_UNUSED_VARIABLE = YES;
				IPHONEOS_DEPLOYMENT_TARGET = 9.0;
				MTL_ENABLE_DEBUG_INFO = YES;
				ONLY_ACTIVE_ARCH = YES;
				SDKROOT = iphoneos;
				SWIFT_OPTIMIZATION_LEVEL = "-Onone";
				TARGETED_DEVICE_FAMILY = "1,2";
			};
			name = Debug;
		};
		A90303AC1BA3069E00E77BF7 /* Release */ = {
			isa = XCBuildConfiguration;
			buildSettings = {
				ALWAYS_SEARCH_USER_PATHS = NO;
				CLANG_CXX_LANGUAGE_STANDARD = "gnu++0x";
				CLANG_CXX_LIBRARY = "libc++";
				CLANG_ENABLE_MODULES = YES;
				CLANG_ENABLE_OBJC_ARC = YES;
				CLANG_WARN_BOOL_CONVERSION = YES;
				CLANG_WARN_CONSTANT_CONVERSION = YES;
				CLANG_WARN_DIRECT_OBJC_ISA_USAGE = YES_ERROR;
				CLANG_WARN_EMPTY_BODY = YES;
				CLANG_WARN_ENUM_CONVERSION = YES;
				CLANG_WARN_INT_CONVERSION = YES;
				CLANG_WARN_OBJC_ROOT_CLASS = YES_ERROR;
				CLANG_WARN_UNREACHABLE_CODE = YES;
				CLANG_WARN__DUPLICATE_METHOD_MATCH = YES;
				"CODE_SIGN_IDENTITY[sdk=iphoneos*]" = "iPhone Developer";
				COPY_PHASE_STRIP = NO;
				DEBUG_INFORMATION_FORMAT = "dwarf-with-dsym";
				ENABLE_NS_ASSERTIONS = NO;
				ENABLE_STRICT_OBJC_MSGSEND = YES;
				GCC_C_LANGUAGE_STANDARD = gnu99;
				GCC_NO_COMMON_BLOCKS = YES;
				GCC_WARN_64_TO_32_BIT_CONVERSION = YES;
				GCC_WARN_ABOUT_RETURN_TYPE = YES_ERROR;
				GCC_WARN_UNDECLARED_SELECTOR = YES;
				GCC_WARN_UNINITIALIZED_AUTOS = YES_AGGRESSIVE;
				GCC_WARN_UNUSED_FUNCTION = YES;
				GCC_WARN_UNUSED_VARIABLE = YES;
				IPHONEOS_DEPLOYMENT_TARGET = 9.0;
				MTL_ENABLE_DEBUG_INFO = NO;
				SDKROOT = iphoneos;
				TARGETED_DEVICE_FAMILY = "1,2";
				VALIDATE_PRODUCT = YES;
			};
			name = Release;
		};
		A90303AE1BA3069E00E77BF7 /* Debug */ = {
			isa = XCBuildConfiguration;
			buildSettings = {
				ASSETCATALOG_COMPILER_APPICON_NAME = AppIcon;
				INFOPLIST_FILE = Archives/Info.plist;
				LD_RUNPATH_SEARCH_PATHS = "$(inherited) @executable_path/Frameworks";
				PRODUCT_BUNDLE_IDENTIFIER = com.leonbaird.Archives;
				PRODUCT_NAME = "$(TARGET_NAME)";
			};
			name = Debug;
		};
		A90303AF1BA3069E00E77BF7 /* Release */ = {
			isa = XCBuildConfiguration;
			buildSettings = {
				ASSETCATALOG_COMPILER_APPICON_NAME = AppIcon;
				INFOPLIST_FILE = Archives/Info.plist;
				LD_RUNPATH_SEARCH_PATHS = "$(inherited) @executable_path/Frameworks";
				PRODUCT_BUNDLE_IDENTIFIER = com.leonbaird.Archives;
				PRODUCT_NAME = "$(TARGET_NAME)";
			};
			name = Release;
		};
/* End XCBuildConfiguration section */

/* Begin XCConfigurationList section */
		A90303961BA3069E00E77BF7 /* Build configuration list for PBXProject "Archives" */ = {
			isa = XCConfigurationList;
			buildConfigurations = (
				A90303AB1BA3069E00E77BF7 /* Debug */,
				A90303AC1BA3069E00E77BF7 /* Release */,
			);
			defaultConfigurationIsVisible = 0;
			defaultConfigurationName = Release;
		};
		A90303AD1BA3069E00E77BF7 /* Build configuration list for PBXNativeTarget "Archives" */ = {
			isa = XCConfigurationList;
			buildConfigurations = (
				A90303AE1BA3069E00E77BF7 /* Debug */,
				A90303AF1BA3069E00E77BF7 /* Release */,
			);
			defaultConfigurationIsVisible = 0;
		};
/* End XCConfigurationList section */
	};
	rootObject = A90303931BA3069E00E77BF7 /* Project object */;
}
