// !$*UTF8*$!
{
	archiveVersion = 1;
	classes = {
	};
	objectVersion = 46;
	objects = {

/* Begin PBXBuildFile section */
		A96685511B9F30A100F35222 /* AppDelegate.swift in Sources */ = {isa = PBXBuildFile; fileRef = A96685501B9F30A100F35222 /* AppDelegate.swift */; };
		A96685531B9F30A100F35222 /* ViewController.swift in Sources */ = {isa = PBXBuildFile; fileRef = A96685521B9F30A100F35222 /* ViewController.swift */; };
		A96685561B9F30A100F35222 /* Main.storyboard in Resources */ = {isa = PBXBuildFile; fileRef = A96685541B9F30A100F35222 /* Main.storyboard */; };
		A96685581B9F30A100F35222 /* Images.xcassets in Resources */ = {isa = PBXBuildFile; fileRef = A96685571B9F30A100F35222 /* Images.xcassets */; };
		A966855B1B9F30A100F35222 /* LaunchScreen.xib in Resources */ = {isa = PBXBuildFile; fileRef = A96685591B9F30A100F35222 /* LaunchScreen.xib */; };
		A96685671B9F30A100F35222 /* Interface_BuilderTests.swift in Sources */ = {isa = PBXBuildFile; fileRef = A96685661B9F30A100F35222 /* Interface_BuilderTests.swift */; };
/* End PBXBuildFile section */

/* Begin PBXContainerItemProxy section */
		A96685611B9F30A100F35222 /* PBXContainerItemProxy */ = {
			isa = PBXContainerItemProxy;
			containerPortal = A96685431B9F30A100F35222 /* Project object */;
			proxyType = 1;
			remoteGlobalIDString = A966854A1B9F30A100F35222;
			remoteInfo = "Interface Builder";
		};
/* End PBXContainerItemProxy section */

/* Begin PBXFileReference section */
		A966854B1B9F30A100F35222 /* Interface Builder.app */ = {isa = PBXFileReference; explicitFileType = wrapper.application; includeInIndex = 0; path = "Interface Builder.app"; sourceTree = BUILT_PRODUCTS_DIR; };
		A966854F1B9F30A100F35222 /* Info.plist */ = {isa = PBXFileReference; lastKnownFileType = text.plist.xml; path = Info.plist; sourceTree = "<group>"; };
		A96685501B9F30A100F35222 /* AppDelegate.swift */ = {isa = PBXFileReference; lastKnownFileType = sourcecode.swift; path = AppDelegate.swift; sourceTree = "<group>"; };
		A96685521B9F30A100F35222 /* ViewController.swift */ = {isa = PBXFileReference; lastKnownFileType = sourcecode.swift; path = ViewController.swift; sourceTree = "<group>"; };
		A96685551B9F30A100F35222 /* Base */ = {isa = PBXFileReference; lastKnownFileType = file.storyboard; name = Base; path = Base.lproj/Main.storyboard; sourceTree = "<group>"; };
		A96685571B9F30A100F35222 /* Images.xcassets */ = {isa = PBXFileReference; lastKnownFileType = folder.assetcatalog; path = Images.xcassets; sourceTree = "<group>"; };
		A966855A1B9F30A100F35222 /* Base */ = {isa = PBXFileReference; lastKnownFileType = file.xib; name = Base; path = Base.lproj/LaunchScreen.xib; sourceTree = "<group>"; };
		A96685601B9F30A100F35222 /* Interface BuilderTests.xctest */ = {isa = PBXFileReference; explicitFileType = wrapper.cfbundle; includeInIndex = 0; path = "Interface BuilderTests.xctest"; sourceTree = BUILT_PRODUCTS_DIR; };
		A96685651B9F30A100F35222 /* Info.plist */ = {isa = PBXFileReference; lastKnownFileType = text.plist.xml; path = Info.plist; sourceTree = "<group>"; };
		A96685661B9F30A100F35222 /* Interface_BuilderTests.swift */ = {isa = PBXFileReference; lastKnownFileType = sourcecode.swift; path = Interface_BuilderTests.swift; sourceTree = "<group>"; };
/* End PBXFileReference section */

/* Begin PBXFrameworksBuildPhase section */
		A96685481B9F30A100F35222 /* Frameworks */ = {
			isa = PBXFrameworksBuildPhase;
			buildActionMask = 2147483647;
			files = (
			);
			runOnlyForDeploymentPostprocessing = 0;
		};
		A966855D1B9F30A100F35222 /* Frameworks */ = {
			isa = PBXFrameworksBuildPhase;
			buildActionMask = 2147483647;
			files = (
			);
			runOnlyForDeploymentPostprocessing = 0;
		};
/* End PBXFrameworksBuildPhase section */

/* Begin PBXGroup section */
		A96685421B9F30A100F35222 = {
			isa = PBXGroup;
			children = (
				A966854D1B9F30A100F35222 /* Interface Builder */,
				A96685631B9F30A100F35222 /* Interface BuilderTests */,
				A966854C1B9F30A100F35222 /* Products */,
			);
			sourceTree = "<group>";
		};
		A966854C1B9F30A100F35222 /* Products */ = {
			isa = PBXGroup;
			children = (
				A966854B1B9F30A100F35222 /* Interface Builder.app */,
				A96685601B9F30A100F35222 /* Interface BuilderTests.xctest */,
			);
			name = Products;
			sourceTree = "<group>";
		};
		A966854D1B9F30A100F35222 /* Interface Builder */ = {
			isa = PBXGroup;
			children = (
				A96685501B9F30A100F35222 /* AppDelegate.swift */,
				A96685521B9F30A100F35222 /* ViewController.swift */,
				A96685541B9F30A100F35222 /* Main.storyboard */,
				A96685571B9F30A100F35222 /* Images.xcassets */,
				A96685591B9F30A100F35222 /* LaunchScreen.xib */,
				A966854E1B9F30A100F35222 /* Supporting Files */,
			);
			path = "Interface Builder";
			sourceTree = "<group>";
		};
		A966854E1B9F30A100F35222 /* Supporting Files */ = {
			isa = PBXGroup;
			children = (
				A966854F1B9F30A100F35222 /* Info.plist */,
			);
			name = "Supporting Files";
			sourceTree = "<group>";
		};
		A96685631B9F30A100F35222 /* Interface BuilderTests */ = {
			isa = PBXGroup;
			children = (
				A96685661B9F30A100F35222 /* Interface_BuilderTests.swift */,
				A96685641B9F30A100F35222 /* Supporting Files */,
			);
			path = "Interface BuilderTests";
			sourceTree = "<group>";
		};
		A96685641B9F30A100F35222 /* Supporting Files */ = {
			isa = PBXGroup;
			children = (
				A96685651B9F30A100F35222 /* Info.plist */,
			);
			name = "Supporting Files";
			sourceTree = "<group>";
		};
/* End PBXGroup section */

/* Begin PBXNativeTarget section */
		A966854A1B9F30A100F35222 /* Interface Builder */ = {
			isa = PBXNativeTarget;
			buildConfigurationList = A966856A1B9F30A100F35222 /* Build configuration list for PBXNativeTarget "Interface Builder" */;
			buildPhases = (
				A96685471B9F30A100F35222 /* Sources */,
				A96685481B9F30A100F35222 /* Frameworks */,
				A96685491B9F30A100F35222 /* Resources */,
			);
			buildRules = (
			);
			dependencies = (
			);
			name = "Interface Builder";
			productName = "Interface Builder";
			productReference = A966854B1B9F30A100F35222 /* Interface Builder.app */;
			productType = "com.apple.product-type.application";
		};
		A966855F1B9F30A100F35222 /* Interface BuilderTests */ = {
			isa = PBXNativeTarget;
			buildConfigurationList = A966856D1B9F30A100F35222 /* Build configuration list for PBXNativeTarget "Interface BuilderTests" */;
			buildPhases = (
				A966855C1B9F30A100F35222 /* Sources */,
				A966855D1B9F30A100F35222 /* Frameworks */,
				A966855E1B9F30A100F35222 /* Resources */,
			);
			buildRules = (
			);
			dependencies = (
				A96685621B9F30A100F35222 /* PBXTargetDependency */,
			);
			name = "Interface BuilderTests";
			productName = "Interface BuilderTests";
			productReference = A96685601B9F30A100F35222 /* Interface BuilderTests.xctest */;
			productType = "com.apple.product-type.bundle.unit-test";
		};
/* End PBXNativeTarget section */

/* Begin PBXProject section */
		A96685431B9F30A100F35222 /* Project object */ = {
			isa = PBXProject;
			attributes = {
				LastSwiftUpdateCheck = 0700;
				LastUpgradeCheck = 0700;
				ORGANIZATIONNAME = "Leon Baird";
				TargetAttributes = {
					A966854A1B9F30A100F35222 = {
						CreatedOnToolsVersion = 6.4;
					};
					A966855F1B9F30A100F35222 = {
						CreatedOnToolsVersion = 6.4;
						TestTargetID = A966854A1B9F30A100F35222;
					};
				};
			};
			buildConfigurationList = A96685461B9F30A100F35222 /* Build configuration list for PBXProject "Interface Builder" */;
			compatibilityVersion = "Xcode 3.2";
			developmentRegion = English;
			hasScannedForEncodings = 0;
			knownRegions = (
				en,
				Base,
			);
			mainGroup = A96685421B9F30A100F35222;
			productRefGroup = A966854C1B9F30A100F35222 /* Products */;
			projectDirPath = "";
			projectRoot = "";
			targets = (
				A966854A1B9F30A100F35222 /* Interface Builder */,
				A966855F1B9F30A100F35222 /* Interface BuilderTests */,
			);
		};
/* End PBXProject section */

/* Begin PBXResourcesBuildPhase section */
		A96685491B9F30A100F35222 /* Resources */ = {
			isa = PBXResourcesBuildPhase;
			buildActionMask = 2147483647;
			files = (
				A96685561B9F30A100F35222 /* Main.storyboard in Resources */,
				A966855B1B9F30A100F35222 /* LaunchScreen.xib in Resources */,
				A96685581B9F30A100F35222 /* Images.xcassets in Resources */,
			);
			runOnlyForDeploymentPostprocessing = 0;
		};
		A966855E1B9F30A100F35222 /* Resources */ = {
			isa = PBXResourcesBuildPhase;
			buildActionMask = 2147483647;
			files = (
			);
			runOnlyForDeploymentPostprocessing = 0;
		};
/* End PBXResourcesBuildPhase section */

/* Begin PBXSourcesBuildPhase section */
		A96685471B9F30A100F35222 /* Sources */ = {
			isa = PBXSourcesBuildPhase;
			buildActionMask = 2147483647;
			files = (
				A96685531B9F30A100F35222 /* ViewController.swift in Sources */,
				A96685511B9F30A100F35222 /* AppDelegate.swift in Sources */,
			);
			runOnlyForDeploymentPostprocessing = 0;
		};
		A966855C1B9F30A100F35222 /* Sources */ = {
			isa = PBXSourcesBuildPhase;
			buildActionMask = 2147483647;
			files = (
				A96685671B9F30A100F35222 /* Interface_BuilderTests.swift in Sources */,
			);
			runOnlyForDeploymentPostprocessing = 0;
		};
/* End PBXSourcesBuildPhase section */

/* Begin PBXTargetDependency section */
		A96685621B9F30A100F35222 /* PBXTargetDependency */ = {
			isa = PBXTargetDependency;
			target = A966854A1B9F30A100F35222 /* Interface Builder */;
			targetProxy = A96685611B9F30A100F35222 /* PBXContainerItemProxy */;
		};
/* End PBXTargetDependency section */

/* Begin PBXVariantGroup section */
		A96685541B9F30A100F35222 /* Main.storyboard */ = {
			isa = PBXVariantGroup;
			children = (
				A96685551B9F30A100F35222 /* Base */,
			);
			name = Main.storyboard;
			sourceTree = "<group>";
		};
		A96685591B9F30A100F35222 /* LaunchScreen.xib */ = {
			isa = PBXVariantGroup;
			children = (
				A966855A1B9F30A100F35222 /* Base */,
			);
			name = LaunchScreen.xib;
			sourceTree = "<group>";
		};
/* End PBXVariantGroup section */

/* Begin XCBuildConfiguration section */
		A96685681B9F30A100F35222 /* Debug */ = {
			isa = XCBuildConfiguration;
			buildSettings = {
				ALWAYS_SEARCH_USER_PATHS = NO;
				CLANG_CXX_LANGUAGE_STANDARD = "gnu++0x";
				CLANG_CXX_LIBRARY = "libc++";
				CLANG_ENABLE_MODULES = YES;
				CLANG_ENABLE_OBJC_ARC = YES;
				CLANG_WARN_BOOL_CONVERSION = YES;
				CLANG_WARN_CONSTANT_CONVERSION = YES;
				CLANG_WARN_DIRECT_OBJC_ISA_USAGE = YES_ERROR;
				CLANG_WARN_EMPTY_BODY = YES;
				CLANG_WARN_ENUM_CONVERSION = YES;
				CLANG_WARN_INT_CONVERSION = YES;
				CLANG_WARN_OBJC_ROOT_CLASS = YES_ERROR;
				CLANG_WARN_UNREACHABLE_CODE = YES;
				CLANG_WARN__DUPLICATE_METHOD_MATCH = YES;
				"CODE_SIGN_IDENTITY[sdk=iphoneos*]" = "iPhone Developer";
				COPY_PHASE_STRIP = NO;
				DEBUG_INFORMATION_FORMAT = "dwarf-with-dsym";
				ENABLE_STRICT_OBJC_MSGSEND = YES;
				ENABLE_TESTABILITY = YES;
				GCC_C_LANGUAGE_STANDARD = gnu99;
				GCC_DYNAMIC_NO_PIC = NO;
				GCC_NO_COMMON_BLOCKS = YES;
				GCC_OPTIMIZATION_LEVEL = 0;
				GCC_PREPROCESSOR_DEFINITIONS = (
					"DEBUG=1",
					"$(inherited)",
				);
				GCC_SYMBOLS_PRIVATE_EXTERN = NO;
				GCC_WARN_64_TO_32_BIT_CONVERSION = YES;
				GCC_WARN_ABOUT_RETURN_TYPE = YES_ERROR;
				GCC_WARN_UNDECLARED_SELECTOR = YES;
				GCC_WARN_UNINITIALIZED_AUTOS = YES_AGGRESSIVE;
				GCC_WARN_UNUSED_FUNCTION = YES;
				GCC_WARN_UNUSED_VARIABLE = YES;
				IPHONEOS_DEPLOYMENT_TARGET = 9.0;
				MTL_ENABLE_DEBUG_INFO = YES;
				ONLY_ACTIVE_ARCH = YES;
				SDKROOT = iphoneos;
				SWIFT_OPTIMIZATION_LEVEL = "-Onone";
				TARGETED_DEVICE_FAMILY = "1,2";
			};
			name = Debug;
		};
		A96685691B9F30A100F35222 /* Release */ = {
			isa = XCBuildConfiguration;
			buildSettings = {
				ALWAYS_SEARCH_USER_PATHS = NO;
				CLANG_CXX_LANGUAGE_STANDARD = "gnu++0x";
				CLANG_CXX_LIBRARY = "libc++";
				CLANG_ENABLE_MODULES = YES;
				CLANG_ENABLE_OBJC_ARC = YES;
				CLANG_WARN_BOOL_CONVERSION = YES;
				CLANG_WARN_CONSTANT_CONVERSION = YES;
				CLANG_WARN_DIRECT_OBJC_ISA_USAGE = YES_ERROR;
				CLANG_WARN_EMPTY_BODY = YES;
				CLANG_WARN_ENUM_CONVERSION = YES;
				CLANG_WARN_INT_CONVERSION = YES;
				CLANG_WARN_OBJC_ROOT_CLASS = YES_ERROR;
				CLANG_WARN_UNREACHABLE_CODE = YES;
				CLANG_WARN__DUPLICATE_METHOD_MATCH = YES;
				"CODE_SIGN_IDENTITY[sdk=iphoneos*]" = "iPhone Developer";
				COPY_PHASE_STRIP = NO;
				DEBUG_INFORMATION_FORMAT = "dwarf-with-dsym";
				ENABLE_NS_ASSERTIONS = NO;
				ENABLE_STRICT_OBJC_MSGSEND = YES;
				GCC_C_LANGUAGE_STANDARD = gnu99;
				GCC_NO_COMMON_BLOCKS = YES;
				GCC_WARN_64_TO_32_BIT_CONVERSION = YES;
				GCC_WARN_ABOUT_RETURN_TYPE = YES_ERROR;
				GCC_WARN_UNDECLARED_SELECTOR = YES;
				GCC_WARN_UNINITIALIZED_AUTOS = YES_AGGRESSIVE;
				GCC_WARN_UNUSED_FUNCTION = YES;
				GCC_WARN_UNUSED_VARIABLE = YES;
				IPHONEOS_DEPLOYMENT_TARGET = 9.0;
				MTL_ENABLE_DEBUG_INFO = NO;
				SDKROOT = iphoneos;
				TARGETED_DEVICE_FAMILY = "1,2";
				VALIDATE_PRODUCT = YES;
			};
			name = Release;
		};
		A966856B1B9F30A100F35222 /* Debug */ = {
			isa = XCBuildConfiguration;
			buildSettings = {
				ASSETCATALOG_COMPILER_APPICON_NAME = AppIcon;
				INFOPLIST_FILE = "Interface Builder/Info.plist";
				LD_RUNPATH_SEARCH_PATHS = "$(inherited) @executable_path/Frameworks";
				PRODUCT_BUNDLE_IDENTIFIER = "com.leonbaird.$(PRODUCT_NAME:rfc1034identifier)";
				PRODUCT_NAME = "$(TARGET_NAME)";
			};
			name = Debug;
		};
		A966856C1B9F30A100F35222 /* Release */ = {
			isa = XCBuildConfiguration;
			buildSettings = {
				ASSETCATALOG_COMPILER_APPICON_NAME = AppIcon;
				INFOPLIST_FILE = "Interface Builder/Info.plist";
				LD_RUNPATH_SEARCH_PATHS = "$(inherited) @executable_path/Frameworks";
				PRODUCT_BUNDLE_IDENTIFIER = "com.leonbaird.$(PRODUCT_NAME:rfc1034identifier)";
				PRODUCT_NAME = "$(TARGET_NAME)";
			};
			name = Release;
		};
		A966856E1B9F30A100F35222 /* Debug */ = {
			isa = XCBuildConfiguration;
			buildSettings = {
				BUNDLE_LOADER = "$(TEST_HOST)";
				FRAMEWORK_SEARCH_PATHS = (
					"$(SDKROOT)/Developer/Library/Frameworks",
					"$(inherited)",
				);
				GCC_PREPROCESSOR_DEFINITIONS = (
					"DEBUG=1",
					"$(inherited)",
				);
				INFOPLIST_FILE = "Interface BuilderTests/Info.plist";
				LD_RUNPATH_SEARCH_PATHS = "$(inherited) @executable_path/Frameworks @loader_path/Frameworks";
				PRODUCT_BUNDLE_IDENTIFIER = "com.leonbaird.$(PRODUCT_NAME:rfc1034identifier)";
				PRODUCT_NAME = "$(TARGET_NAME)";
				TEST_HOST = "$(BUILT_PRODUCTS_DIR)/Interface Builder.app/Interface Builder";
			};
			name = Debug;
		};
		A966856F1B9F30A100F35222 /* Release */ = {
			isa = XCBuildConfiguration;
			buildSettings = {
				BUNDLE_LOADER = "$(TEST_HOST)";
				FRAMEWORK_SEARCH_PATHS = (
					"$(SDKROOT)/Developer/Library/Frameworks",
					"$(inherited)",
				);
				INFOPLIST_FILE = "Interface BuilderTests/Info.plist";
				LD_RUNPATH_SEARCH_PATHS = "$(inherited) @executable_path/Frameworks @loader_path/Frameworks";
				PRODUCT_BUNDLE_IDENTIFIER = "com.leonbaird.$(PRODUCT_NAME:rfc1034identifier)";
				PRODUCT_NAME = "$(TARGET_NAME)";
				TEST_HOST = "$(BUILT_PRODUCTS_DIR)/Interface Builder.app/Interface Builder";
			};
			name = Release;
		};
/* End XCBuildConfiguration section */

/* Begin XCConfigurationList section */
		A96685461B9F30A100F35222 /* Build configuration list for PBXProject "Interface Builder" */ = {
			isa = XCConfigurationList;
			buildConfigurations = (
				A96685681B9F30A100F35222 /* Debug */,
				A96685691B9F30A100F35222 /* Release */,
			);
			defaultConfigurationIsVisible = 0;
			defaultConfigurationName = Release;
		};
		A966856A1B9F30A100F35222 /* Build configuration list for PBXNativeTarget "Interface Builder" */ = {
			isa = XCConfigurationList;
			buildConfigurations = (
				A966856B1B9F30A100F35222 /* Debug */,
				A966856C1B9F30A100F35222 /* Release */,
			);
			defaultConfigurationIsVisible = 0;
			defaultConfigurationName = Release;
		};
		A966856D1B9F30A100F35222 /* Build configuration list for PBXNativeTarget "Interface BuilderTests" */ = {
			isa = XCConfigurationList;
			buildConfigurations = (
				A966856E1B9F30A100F35222 /* Debug */,
				A966856F1B9F30A100F35222 /* Release */,
			);
			defaultConfigurationIsVisible = 0;
			defaultConfigurationName = Release;
		};
/* End XCConfigurationList section */
	};
	rootObject = A96685431B9F30A100F35222 /* Project object */;
}
